
Microsoft Visual Studio Solution File, Format Version 12.00
# Visual Studio 15
VisualStudioVersion = 15.0.28307.168
MinimumVisualStudioVersion = 10.0.40219.1
Project("{FAE04EC0-301F-11D3-BF4B-00C04F79EFBC}") = "FirstWebBasedOnNetCore", "FirstWebBasedOnNetCore\FirstWebBasedOnNetCore.csproj", "{3E7F6DF0-B69D-4E70-B027-B60A0E73F63B}"
EndProject
Global
	GlobalSection(SolutionConfigurationPlatforms) = preSolution
		Debug|Any CPU = Debug|Any CPU
		Release|Any CPU = Release|Any CPU
	EndGlobalSection
	GlobalSection(ProjectConfigurationPlatforms) = postSolution
		{3E7F6DF0-B69D-4E70-B027-B60A0E73F63B}.Debug|Any CPU.ActiveCfg = Debug|Any CPU
		{3E7F6DF0-B69D-4E70-B027-B60A0E73F63B}.Debug|Any CPU.Build.0 = Debug|Any CPU
		{3E7F6DF0-B69D-4E70-B027-B60A0E73F63B}.Release|Any CPU.ActiveCfg = Release|Any CPU
		{3E7F6DF0-B69D-4E70-B027-B60A0E73F63B}.Release|Any CPU.Build.0 = Release|Any CPU
	EndGlobalSection
	GlobalSection(SolutionProperties) = preSolution
		HideSolutionNode = FALSE
	EndGlobalSection
	GlobalSection(ExtensibilityGlobals) = postSolution
		SolutionGuid = {74BA4505-EA2A-4FD4-B699-7932AE3D7EC5}
	EndGlobalSection
EndGlobal
